
Microsoft Visual Studio Solution File, Format Version 12.00
Project("{FAE04EC0-301F-11D3-BF4B-00C04F79EFBC}") = "MovieDbProxy", "MovieDbProxy\MovieDbProxy.csproj", "{CEEA248C-B56C-49A9-93E7-38EA12CF427B}"
EndProject
Global
	GlobalSection(SolutionConfigurationPlatforms) = preSolution
		Debug|Any CPU = Debug|Any CPU
		Release|Any CPU = Release|Any CPU
	EndGlobalSection
	GlobalSection(ProjectConfigurationPlatforms) = postSolution
		{CEEA248C-B56C-49A9-93E7-38EA12CF427B}.Debug|Any CPU.ActiveCfg = Debug|Any CPU
		{CEEA248C-B56C-49A9-93E7-38EA12CF427B}.Debug|Any CPU.Build.0 = Debug|Any CPU
		{CEEA248C-B56C-49A9-93E7-38EA12CF427B}.Release|Any CPU.ActiveCfg = Release|Any CPU
		{CEEA248C-B56C-49A9-93E7-38EA12CF427B}.Release|Any CPU.Build.0 = Release|Any CPU
	EndGlobalSection
EndGlobal
